
Microsoft Visual Studio Solution File, Format Version 12.00
# Visual Studio Version 17
VisualStudioVersion = 17.4.33213.308
MinimumVisualStudioVersion = 10.0.40219.1
Project("{FAE04EC0-301F-11D3-BF4B-00C04F79EFBC}") = "MidAssignment", "MidAssignment\MidAssignment.csproj", "{6F0B8C81-F3F2-4B34-8AE3-6EA3F6C3C285}"
EndProject
Global
	GlobalSection(SolutionConfigurationPlatforms) = preSolution
		Debug|Any CPU = Debug|Any CPU
		Release|Any CPU = Release|Any CPU
	EndGlobalSection
	GlobalSection(ProjectConfigurationPlatforms) = postSolution
		{6F0B8C81-F3F2-4B34-8AE3-6EA3F6C3C285}.Debug|Any CPU.ActiveCfg = Debug|Any CPU
		{6F0B8C81-F3F2-4B34-8AE3-6EA3F6C3C285}.Debug|Any CPU.Build.0 = Debug|Any CPU
		{6F0B8C81-F3F2-4B34-8AE3-6EA3F6C3C285}.Release|Any CPU.ActiveCfg = Release|Any CPU
		{6F0B8C81-F3F2-4B34-8AE3-6EA3F6C3C285}.Release|Any CPU.Build.0 = Release|Any CPU
	EndGlobalSection
	GlobalSection(SolutionProperties) = preSolution
		HideSolutionNode = FALSE
	EndGlobalSection
	GlobalSection(ExtensibilityGlobals) = postSolution
		SolutionGuid = {331B159D-D49B-4A65-906C-9E36404E50CA}
	EndGlobalSection
EndGlobal
